lockfileVersion: '6.0'

settings:
  autoInstallPeers: true
  excludeLinksFromLockfile: false

importers:

  .: {}

  packages/apps/my-app:
    dependencies:
      '@zwi/divide-by':
        specifier: workspace:*
        version: link:../../libs/divide-by

  packages/apps/my-esm-app:
    dependencies:
      '@zwi/divide-by':
        specifier: workspace:*
        version: link:../../libs/divide-by

  packages/libs/divide-by: {}
